
Microsoft Visual Studio Solution File, Format Version 12.00
# Visual Studio Version 16
VisualStudioVersion = 16.0.30717.126
MinimumVisualStudioVersion = 10.0.40219.1
Project("{FAE04EC0-301F-11D3-BF4B-00C04F79EFBC}") = "Filter .NET Framework", "Filter .NET Framework.csproj", "{D50F9448-A1CA-4E97-A86A-C528C84FFCE4}"
EndProject
Global
	GlobalSection(SolutionConfigurationPlatforms) = preSolution
		Debug|Any CPU = Debug|Any CPU
		Release|Any CPU = Release|Any CPU
	EndGlobalSection
	GlobalSection(ProjectConfigurationPlatforms) = postSolution
		{D50F9448-A1CA-4E97-A86A-C528C84FFCE4}.Debug|Any CPU.ActiveCfg = Debug|Any CPU
		{D50F9448-A1CA-4E97-A86A-C528C84FFCE4}.Debug|Any CPU.Build.0 = Debug|Any CPU
		{D50F9448-A1CA-4E97-A86A-C528C84FFCE4}.Release|Any CPU.ActiveCfg = Release|Any CPU
		{D50F9448-A1CA-4E97-A86A-C528C84FFCE4}.Release|Any CPU.Build.0 = Release|Any CPU
	EndGlobalSection
	GlobalSection(SolutionProperties) = preSolution
		HideSolutionNode = FALSE
	EndGlobalSection
	GlobalSection(ExtensibilityGlobals) = postSolution
		SolutionGuid = {E416A0DC-E310-4FA9-BA06-3819E1BC6A23}
	EndGlobalSection
EndGlobal
